// !$*UTF8*$!
{
	archiveVersion = 1;
	classes = {
	};
	objectVersion = 50;
	objects = {

/* Begin PBXBuildFile section */
		1D20A5F62563F8EA00D48E88 /* ScannerVC.swift in Sources */ = {isa = PBXBuildFile; fileRef = 1D20A5F52563F8EA00D48E88 /* ScannerVC.swift */; };
		1D20A5F92563FC1D00D48E88 /* ScannerView.swift in Sources */ = {isa = PBXBuildFile; fileRef = 1D20A5F82563FC1D00D48E88 /* ScannerView.swift */; };
		1D20A5FD256407FA00D48E88 /* AlertItem.swift in Sources */ = {isa = PBXBuildFile; fileRef = 1D20A5FC256407FA00D48E88 /* AlertItem.swift */; };
		1D20A6022564083400D48E88 /* AlertContext.swift in Sources */ = {isa = PBXBuildFile; fileRef = 1D20A6012564083400D48E88 /* AlertContext.swift */; };
		1D20A6092564090C00D48E88 /* BarcodeScannerViewModel.swift in Sources */ = {isa = PBXBuildFile; fileRef = 1D20A6082564090C00D48E88 /* BarcodeScannerViewModel.swift */; };
		1DDBA6A92563EF5D000882AF /* BarcodeScannerApp.swift in Sources */ = {isa = PBXBuildFile; fileRef = 1DDBA6A82563EF5D000882AF /* BarcodeScannerApp.swift */; };
		1DDBA6AB2563EF5D000882AF /* BarcodeScanner.swift in Sources */ = {isa = PBXBuildFile; fileRef = 1DDBA6AA2563EF5D000882AF /* BarcodeScanner.swift */; };
		1DDBA6AD2563EF5E000882AF /* Assets.xcassets in Resources */ = {isa = PBXBuildFile; fileRef = 1DDBA6AC2563EF5E000882AF /* Assets.xcassets */; };
		1DDBA6B02563EF5E000882AF /* Preview Assets.xcassets in Resources */ = {isa = PBXBuildFile; fileRef = 1DDBA6AF2563EF5E000882AF /* Preview Assets.xcassets */; };
/* End PBXBuildFile section */

/* Begin PBXFileReference section */
		1D20A5F52563F8EA00D48E88 /* ScannerVC.swift */ = {isa = PBXFileReference; lastKnownFileType = sourcecode.swift; path = ScannerVC.swift; sourceTree = "<group>"; };
		1D20A5F82563FC1D00D48E88 /* ScannerView.swift */ = {isa = PBXFileReference; lastKnownFileType = sourcecode.swift; path = ScannerView.swift; sourceTree = "<group>"; };
		1D20A5FC256407FA00D48E88 /* AlertItem.swift */ = {isa = PBXFileReference; lastKnownFileType = sourcecode.swift; path = AlertItem.swift; sourceTree = "<group>"; };
		1D20A6012564083400D48E88 /* AlertContext.swift */ = {isa = PBXFileReference; lastKnownFileType = sourcecode.swift; path = AlertContext.swift; sourceTree = "<group>"; };
		1D20A6082564090C00D48E88 /* BarcodeScannerViewModel.swift */ = {isa = PBXFileReference; lastKnownFileType = sourcecode.swift; path = BarcodeScannerViewModel.swift; sourceTree = "<group>"; };
		1DDBA6A52563EF5D000882AF /* BarcodeScanner.app */ = {isa = PBXFileReference; explicitFileType = wrapper.application; includeInIndex = 0; path = BarcodeScanner.app; sourceTree = BUILT_PRODUCTS_DIR; };
		1DDBA6A82563EF5D000882AF /* BarcodeScannerApp.swift */ = {isa = PBXFileReference; lastKnownFileType = sourcecode.swift; path = BarcodeScannerApp.swift; sourceTree = "<group>"; };
		1DDBA6AA2563EF5D000882AF /* BarcodeScanner.swift */ = {isa = PBXFileReference; lastKnownFileType = sourcecode.swift; path = BarcodeScanner.swift; sourceTree = "<group>"; };
		1DDBA6AC2563EF5E000882AF /* Assets.xcassets */ = {isa = PBXFileReference; lastKnownFileType = folder.assetcatalog; path = Assets.xcassets; sourceTree = "<group>"; };
		1DDBA6AF2563EF5E000882AF /* Preview Assets.xcassets */ = {isa = PBXFileReference; lastKnownFileType = folder.assetcatalog; path = "Preview Assets.xcassets"; sourceTree = "<group>"; };
		1DDBA6B12563EF5E000882AF /* Info.plist */ = {isa = PBXFileReference; lastKnownFileType = text.plist.xml; path = Info.plist; sourceTree = "<group>"; };
/* End PBXFileReference section */

/* Begin PBXFrameworksBuildPhase section */
		1DDBA6A22563EF5D000882AF /* Frameworks */ = {
			isa = PBXFrameworksBuildPhase;
			buildActionMask = 2147483647;
			files = (
			);
			runOnlyForDeploymentPostprocessing = 0;
		};
/* End PBXFrameworksBuildPhase section */

/* Begin PBXGroup section */
		1D20A5FB256407EB00D48E88 /* Models */ = {
			isa = PBXGroup;
			children = (
				1D20A5FC256407FA00D48E88 /* AlertItem.swift */,
			);
			path = Models;
			sourceTree = "<group>";
		};
		1D20A6002564081B00D48E88 /* DataSource */ = {
			isa = PBXGroup;
			children = (
				1D20A6012564083400D48E88 /* AlertContext.swift */,
			);
			path = DataSource;
			sourceTree = "<group>";
		};
		1D20A605256408A300D48E88 /* UIKitComponents */ = {
			isa = PBXGroup;
			children = (
				1D20A5F52563F8EA00D48E88 /* ScannerVC.swift */,
			);
			path = UIKitComponents;
			sourceTree = "<group>";
		};
		1D20A606256408C200D48E88 /* Screens */ = {
			isa = PBXGroup;
			children = (
				1D20A607256408C800D48E88 /* BarcodeScanner */,
			);
			path = Screens;
			sourceTree = "<group>";
		};
		1D20A607256408C800D48E88 /* BarcodeScanner */ = {
			isa = PBXGroup;
			children = (
				1DDBA6AA2563EF5D000882AF /* BarcodeScanner.swift */,
				1D20A6082564090C00D48E88 /* BarcodeScannerViewModel.swift */,
			);
			path = BarcodeScanner;
			sourceTree = "<group>";
		};
		1DDBA69C2563EF5D000882AF = {
			isa = PBXGroup;
			children = (
				1DDBA6A72563EF5D000882AF /* BarcodeScanner */,
				1DDBA6A62563EF5D000882AF /* Products */,
			);
			sourceTree = "<group>";
		};
		1DDBA6A62563EF5D000882AF /* Products */ = {
			isa = PBXGroup;
			children = (
				1DDBA6A52563EF5D000882AF /* BarcodeScanner.app */,
			);
			name = Products;
			sourceTree = "<group>";
		};
		1DDBA6A72563EF5D000882AF /* BarcodeScanner */ = {
			isa = PBXGroup;
			children = (
				1D20A6002564081B00D48E88 /* DataSource */,
				1D20A605256408A300D48E88 /* UIKitComponents */,
				1D20A606256408C200D48E88 /* Screens */,
				1D20A5FB256407EB00D48E88 /* Models */,
				1DDBA6A82563EF5D000882AF /* BarcodeScannerApp.swift */,
				1DDBA6AC2563EF5E000882AF /* Assets.xcassets */,
				1DDBA6B12563EF5E000882AF /* Info.plist */,
				1DDBA6AE2563EF5E000882AF /* Preview Content */,
				1D20A5F82563FC1D00D48E88 /* ScannerView.swift */,
			);
			path = BarcodeScanner;
			sourceTree = "<group>";
		};
		1DDBA6AE2563EF5E000882AF /* Preview Content */ = {
			isa = PBXGroup;
			children = (
				1DDBA6AF2563EF5E000882AF /* Preview Assets.xcassets */,
			);
			path = "Preview Content";
			sourceTree = "<group>";
		};
/* End PBXGroup section */

/* Begin PBXNativeTarget section */
		1DDBA6A42563EF5D000882AF /* BarcodeScanner */ = {
			isa = PBXNativeTarget;
			buildConfigurationList = 1DDBA6B42563EF5E000882AF /* Build configuration list for PBXNativeTarget "BarcodeScanner" */;
			buildPhases = (
				1DDBA6A12563EF5D000882AF /* Sources */,
				1DDBA6A22563EF5D000882AF /* Frameworks */,
				1DDBA6A32563EF5D000882AF /* Resources */,
			);
			buildRules = (
			);
			dependencies = (
			);
			name = BarcodeScanner;
			productName = BarcodeScanner;
			productReference = 1DDBA6A52563EF5D000882AF /* BarcodeScanner.app */;
			productType = "com.apple.product-type.application";
		};
/* End PBXNativeTarget section */

/* Begin PBXProject section */
		1DDBA69D2563EF5D000882AF /* Project object */ = {
			isa = PBXProject;
			attributes = {
				LastSwiftUpdateCheck = 1210;
				LastUpgradeCheck = 1210;
				TargetAttributes = {
					1DDBA6A42563EF5D000882AF = {
						CreatedOnToolsVersion = 12.1;
					};
				};
			};
			buildConfigurationList = 1DDBA6A02563EF5D000882AF /* Build configuration list for PBXProject "BarcodeScanner" */;
			compatibilityVersion = "Xcode 9.3";
			developmentRegion = en;
			hasScannedForEncodings = 0;
			knownRegions = (
				en,
				Base,
			);
			mainGroup = 1DDBA69C2563EF5D000882AF;
			productRefGroup = 1DDBA6A62563EF5D000882AF /* Products */;
			projectDirPath = "";
			projectRoot = "";
			targets = (
				1DDBA6A42563EF5D000882AF /* BarcodeScanner */,
			);
		};
/* End PBXProject section */

/* Begin PBXResourcesBuildPhase section */
		1DDBA6A32563EF5D000882AF /* Resources */ = {
			isa = PBXResourcesBuildPhase;
			buildActionMask = 2147483647;
			files = (
				1DDBA6B02563EF5E000882AF /* Preview Assets.xcassets in Resources */,
				1DDBA6AD2563EF5E000882AF /* Assets.xcassets in Resources */,
			);
			runOnlyForDeploymentPostprocessing = 0;
		};
/* End PBXResourcesBuildPhase section */

/* Begin PBXSourcesBuildPhase section */
		1DDBA6A12563EF5D000882AF /* Sources */ = {
			isa = PBXSourcesBuildPhase;
			buildActionMask = 2147483647;
			files = (
				1D20A5F62563F8EA00D48E88 /* ScannerVC.swift in Sources */,
				1D20A5F92563FC1D00D48E88 /* ScannerView.swift in Sources */,
				1D20A6022564083400D48E88 /* AlertContext.swift in Sources */,
				1DDBA6AB2563EF5D000882AF /* BarcodeScanner.swift in Sources */,
				1D20A5FD256407FA00D48E88 /* AlertItem.swift in Sources */,
				1D20A6092564090C00D48E88 /* BarcodeScannerViewModel.swift in Sources */,
				1DDBA6A92563EF5D000882AF /* BarcodeScannerApp.swift in Sources */,
			);
			runOnlyForDeploymentPostprocessing = 0;
		};
/* End PBXSourcesBuildPhase section */

/* Begin XCBuildConfiguration section */
		1DDBA6B22563EF5E000882AF /* Debug */ = {
			isa = XCBuildConfiguration;
			buildSettings = {
				ALWAYS_SEARCH_USER_PATHS = NO;
				CLANG_ANALYZER_NONNULL = YES;
				CLANG_ANALYZER_NUMBER_OBJECT_CONVERSION = YES_AGGRESSIVE;
				CLANG_CXX_LANGUAGE_STANDARD = "gnu++14";
				CLANG_CXX_LIBRARY = "libc++";
				CLANG_ENABLE_MODULES = YES;
				CLANG_ENABLE_OBJC_ARC = YES;
				CLANG_ENABLE_OBJC_WEAK = YES;
				CLANG_WARN_BLOCK_CAPTURE_AUTORELEASING = YES;
				CLANG_WARN_BOOL_CONVERSION = YES;
				CLANG_WARN_COMMA = YES;
				CLANG_WARN_CONSTANT_CONVERSION = YES;
				CLANG_WARN_DEPRECATED_OBJC_IMPLEMENTATIONS = YES;
				CLANG_WARN_DIRECT_OBJC_ISA_USAGE = YES_ERROR;
				CLANG_WARN_DOCUMENTATION_COMMENTS = YES;
				CLANG_WARN_EMPTY_BODY = YES;
				CLANG_WARN_ENUM_CONVERSION = YES;
				CLANG_WARN_INFINITE_RECURSION = YES;
				CLANG_WARN_INT_CONVERSION = YES;
				CLANG_WARN_NON_LITERAL_NULL_CONVERSION = YES;
				CLANG_WARN_OBJC_IMPLICIT_RETAIN_SELF = YES;
				CLANG_WARN_OBJC_LITERAL_CONVERSION = YES;
				CLANG_WARN_OBJC_ROOT_CLASS = YES_ERROR;
				CLANG_WARN_QUOTED_INCLUDE_IN_FRAMEWORK_HEADER = YES;
				CLANG_WARN_RANGE_LOOP_ANALYSIS = YES;
				CLANG_WARN_STRICT_PROTOTYPES = YES;
				CLANG_WARN_SUSPICIOUS_MOVE = YES;
				CLANG_WARN_UNGUARDED_AVAILABILITY = YES_AGGRESSIVE;
				CLANG_WARN_UNREACHABLE_CODE = YES;
				CLANG_WARN__DUPLICATE_METHOD_MATCH = YES;
				COPY_PHASE_STRIP = NO;
				DEBUG_INFORMATION_FORMAT = dwarf;
				ENABLE_STRICT_OBJC_MSGSEND = YES;
				ENABLE_TESTABILITY = YES;
				GCC_C_LANGUAGE_STANDARD = gnu11;
				GCC_DYNAMIC_NO_PIC = NO;
				GCC_NO_COMMON_BLOCKS = YES;
				GCC_OPTIMIZATION_LEVEL = 0;
				GCC_PREPROCESSOR_DEFINITIONS = (
					"DEBUG=1",
					"$(inherited)",
				);
				GCC_WARN_64_TO_32_BIT_CONVERSION = YES;
				GCC_WARN_ABOUT_RETURN_TYPE = YES_ERROR;
				GCC_WARN_UNDECLARED_SELECTOR = YES;
				GCC_WARN_UNINITIALIZED_AUTOS = YES_AGGRESSIVE;
				GCC_WARN_UNUSED_FUNCTION = YES;
				GCC_WARN_UNUSED_VARIABLE = YES;
				IPHONEOS_DEPLOYMENT_TARGET = 14.1;
				MTL_ENABLE_DEBUG_INFO = INCLUDE_SOURCE;
				MTL_FAST_MATH = YES;
				ONLY_ACTIVE_ARCH = YES;
				SDKROOT = iphoneos;
				SWIFT_ACTIVE_COMPILATION_CONDITIONS = DEBUG;
				SWIFT_OPTIMIZATION_LEVEL = "-Onone";
			};
			name = Debug;
		};
		1DDBA6B32563EF5E000882AF /* Release */ = {
			isa = XCBuildConfiguration;
			buildSettings = {
				ALWAYS_SEARCH_USER_PATHS = NO;
				CLANG_ANALYZER_NONNULL = YES;
				CLANG_ANALYZER_NUMBER_OBJECT_CONVERSION = YES_AGGRESSIVE;
				CLANG_CXX_LANGUAGE_STANDARD = "gnu++14";
				CLANG_CXX_LIBRARY = "libc++";
				CLANG_ENABLE_MODULES = YES;
				CLANG_ENABLE_OBJC_ARC = YES;
				CLANG_ENABLE_OBJC_WEAK = YES;
				CLANG_WARN_BLOCK_CAPTURE_AUTORELEASING = YES;
				CLANG_WARN_BOOL_CONVERSION = YES;
				CLANG_WARN_COMMA = YES;
				CLANG_WARN_CONSTANT_CONVERSION = YES;
				CLANG_WARN_DEPRECATED_OBJC_IMPLEMENTATIONS = YES;
				CLANG_WARN_DIRECT_OBJC_ISA_USAGE = YES_ERROR;
				CLANG_WARN_DOCUMENTATION_COMMENTS = YES;
				CLANG_WARN_EMPTY_BODY = YES;
				CLANG_WARN_ENUM_CONVERSION = YES;
				CLANG_WARN_INFINITE_RECURSION = YES;
				CLANG_WARN_INT_CONVERSION = YES;
				CLANG_WARN_NON_LITERAL_NULL_CONVERSION = YES;
				CLANG_WARN_OBJC_IMPLICIT_RETAIN_SELF = YES;
				CLANG_WARN_OBJC_LITERAL_CONVERSION = YES;
				CLANG_WARN_OBJC_ROOT_CLASS = YES_ERROR;
				CLANG_WARN_QUOTED_INCLUDE_IN_FRAMEWORK_HEADER = YES;
				CLANG_WARN_RANGE_LOOP_ANALYSIS = YES;
				CLANG_WARN_STRICT_PROTOTYPES = YES;
				CLANG_WARN_SUSPICIOUS_MOVE = YES;
				CLANG_WARN_UNGUARDED_AVAILABILITY = YES_AGGRESSIVE;
				CLANG_WARN_UNREACHABLE_CODE = YES;
				CLANG_WARN__DUPLICATE_METHOD_MATCH = YES;
				COPY_PHASE_STRIP = NO;
				DEBUG_INFORMATION_FORMAT = "dwarf-with-dsym";
				ENABLE_NS_ASSERTIONS = NO;
				ENABLE_STRICT_OBJC_MSGSEND = YES;
				GCC_C_LANGUAGE_STANDARD = gnu11;
				GCC_NO_COMMON_BLOCKS = YES;
				GCC_WARN_64_TO_32_BIT_CONVERSION = YES;
				GCC_WARN_ABOUT_RETURN_TYPE = YES_ERROR;
				GCC_WARN_UNDECLARED_SELECTOR = YES;
				GCC_WARN_UNINITIALIZED_AUTOS = YES_AGGRESSIVE;
				GCC_WARN_UNUSED_FUNCTION = YES;
				GCC_WARN_UNUSED_VARIABLE = YES;
				IPHONEOS_DEPLOYMENT_TARGET = 14.1;
				MTL_ENABLE_DEBUG_INFO = NO;
				MTL_FAST_MATH = YES;
				SDKROOT = iphoneos;
				SWIFT_COMPILATION_MODE = wholemodule;
				SWIFT_OPTIMIZATION_LEVEL = "-O";
				VALIDATE_PRODUCT = YES;
			};
			name = Release;
		};
		1DDBA6B52563EF5E000882AF /* Debug */ = {
			isa = XCBuildConfiguration;
			buildSettings = {
				ASSETCATALOG_COMPILER_APPICON_NAME = AppIcon;
				ASSETCATALOG_COMPILER_GLOBAL_ACCENT_COLOR_NAME = AccentColor;
				CODE_SIGN_STYLE = Automatic;
				DEVELOPMENT_ASSET_PATHS = "\"BarcodeScanner/Preview Content\"";
				ENABLE_PREVIEWS = YES;
				INFOPLIST_FILE = BarcodeScanner/Info.plist;
				IPHONEOS_DEPLOYMENT_TARGET = 14.0;
				LD_RUNPATH_SEARCH_PATHS = (
					"$(inherited)",
					"@executable_path/Frameworks",
				);
				PRODUCT_BUNDLE_IDENTIFIER = Cona7.BarcodeScanner;
				PRODUCT_NAME = "$(TARGET_NAME)";
				SWIFT_VERSION = 5.0;
				TARGETED_DEVICE_FAMILY = "1,2";
			};
			name = Debug;
		};
		1DDBA6B62563EF5E000882AF /* Release */ = {
			isa = XCBuildConfiguration;
			buildSettings = {
				ASSETCATALOG_COMPILER_APPICON_NAME = AppIcon;
				ASSETCATALOG_COMPILER_GLOBAL_ACCENT_COLOR_NAME = AccentColor;
				CODE_SIGN_STYLE = Automatic;
				DEVELOPMENT_ASSET_PATHS = "\"BarcodeScanner/Preview Content\"";
				ENABLE_PREVIEWS = YES;
				INFOPLIST_FILE = BarcodeScanner/Info.plist;
				IPHONEOS_DEPLOYMENT_TARGET = 14.0;
				LD_RUNPATH_SEARCH_PATHS = (
					"$(inherited)",
					"@executable_path/Frameworks",
				);
				PRODUCT_BUNDLE_IDENTIFIER = Cona7.BarcodeScanner;
				PRODUCT_NAME = "$(TARGET_NAME)";
				SWIFT_VERSION = 5.0;
				TARGETED_DEVICE_FAMILY = "1,2";
			};
			name = Release;
		};
/* End XCBuildConfiguration section */

/* Begin XCConfigurationList section */
		1DDBA6A02563EF5D000882AF /* Build configuration list for PBXProject "BarcodeScanner" */ = {
			isa = XCConfigurationList;
			buildConfigurations = (
				1DDBA6B22563EF5E000882AF /* Debug */,
				1DDBA6B32563EF5E000882AF /* Release */,
			);
			defaultConfigurationIsVisible = 0;
			defaultConfigurationName = Release;
		};
		1DDBA6B42563EF5E000882AF /* Build configuration list for PBXNativeTarget "BarcodeScanner" */ = {
			isa = XCConfigurationList;
			buildConfigurations = (
				1DDBA6B52563EF5E000882AF /* Debug */,
				1DDBA6B62563EF5E000882AF /* Release */,
			);
			defaultConfigurationIsVisible = 0;
			defaultConfigurationName = Release;
		};
/* End XCConfigurationList section */
	};
	rootObject = 1DDBA69D2563EF5D000882AF /* Project object */;
}
